
Microsoft Visual Studio Solution File, Format Version 12.00
# Visual Studio Version 16
VisualStudioVersion = 16.0.31424.327
MinimumVisualStudioVersion = 10.0.40219.1
Project("{9A19103F-16F7-4668-BE54-9A1E7A4F7556}") = "Resturant.WebAPI.Auth", "Resturant.WebAPI\Resturant.WebAPI.Auth.csproj", "{37671F39-F0B0-4756-9B9F-AA425621EDC1}"
EndProject
Project("{9A19103F-16F7-4668-BE54-9A1E7A4F7556}") = "Resturant.WebAPI.Admin", "Resturant.WebAPI.Admin\Resturant.WebAPI.Admin.csproj", "{7B69027E-1B4A-4BB4-A904-3925CF0D3394}"
EndProject
Project("{9A19103F-16F7-4668-BE54-9A1E7A4F7556}") = "Resturant.WebAPI.Resturant", "Resturant.WebAPI.Resturant\Resturant.WebAPI.Resturant.csproj", "{54C69553-0F4E-4EDC-8BB8-DD32A841545B}"
EndProject
Project("{2150E333-8FDC-42A3-9474-1A3956D46DE8}") = "1. Infrastructure", "1. Infrastructure", "{848EC20D-5C63-44A7-B664-73D56093CCBF}"
EndProject
Project("{2150E333-8FDC-42A3-9474-1A3956D46DE8}") = "2. Domain", "2. Domain", "{2099FE66-7110-4DF2-84EF-8C9E85D15CC0}"
EndProject
Project("{2150E333-8FDC-42A3-9474-1A3956D46DE8}") = "3. Business Logic", "3. Business Logic", "{A1BAC631-109A-42D5-B8B2-2E01F42C32AB}"
EndProject
Project("{2150E333-8FDC-42A3-9474-1A3956D46DE8}") = "4. Endpoints", "4. Endpoints", "{00C5E180-55CB-475C-BD67-4A8685F2ADF4}"
EndProject
Project("{9A19103F-16F7-4668-BE54-9A1E7A4F7556}") = "Resturant.CoreBase", "Resturant.CoreBase\Resturant.CoreBase.csproj", "{BCA56487-FC82-42F2-99BD-4067317CF321}"
EndProject
Project("{9A19103F-16F7-4668-BE54-9A1E7A4F7556}") = "Resturant.Middlewares", "Resturant.Middlewares\Resturant.Middlewares.csproj", "{C6B0E404-5992-4EC7-A91F-AA3C5FDA5A15}"
EndProject
Project("{9A19103F-16F7-4668-BE54-9A1E7A4F7556}") = "Resturant.Resources", "Resturant.Resources\Resturant.Resources.csproj", "{E1100917-A0D4-42DF-AD85-5E3C960E4332}"
EndProject
Project("{9A19103F-16F7-4668-BE54-9A1E7A4F7556}") = "Resturant.StartupConfiguration", "Resturant.StartupConfiguration\Resturant.StartupConfiguration.csproj", "{BA991248-B296-4392-990E-283FA6EED649}"
EndProject
Project("{9A19103F-16F7-4668-BE54-9A1E7A4F7556}") = "Resturant.DBModels", "Resturant.DBModels\Resturant.DBModels.csproj", "{4BA54CAF-440F-4631-B86B-4864481EC17B}"
EndProject
Project("{9A19103F-16F7-4668-BE54-9A1E7A4F7556}") = "Resturant.Services", "Resturant.Services\Resturant.Services.csproj", "{F8DCA60E-648B-4D99-8FFA-875DB4C82E6C}"
EndProject
Project("{9A19103F-16F7-4668-BE54-9A1E7A4F7556}") = "Resturant.WebAPI.Guest", "Resturant.WebAPI.Guest\Resturant.WebAPI.Guest.csproj", "{79C2F1A8-DF24-41B8-B6A4-2B601C699BF5}"
EndProject
Project("{9A19103F-16F7-4668-BE54-9A1E7A4F7556}") = "Resturant.DataAccess", "Resturant.DataAccess\Resturant.DataAccess.csproj", "{87496DA2-629E-445D-BB26-848228D129AD}"
EndProject
Project("{9A19103F-16F7-4668-BE54-9A1E7A4F7556}") = "Resturant.Repository", "Resturant.Repository\Resturant.Repository.csproj", "{782BEF45-1D3E-4171-B7DA-03DDC9D56767}"
EndProject
Project("{9A19103F-16F7-4668-BE54-9A1E7A4F7556}") = "Resturant.Utilities", "Resturant.Utilities\Resturant.Utilities.csproj", "{7FF1F52B-8529-4E6A-BD1E-33E663DFEFB7}"
EndProject
Global
	GlobalSection(SolutionConfigurationPlatforms) = preSolution
		Debug|Any CPU = Debug|Any CPU
		Release|Any CPU = Release|Any CPU
	EndGlobalSection
	GlobalSection(ProjectConfigurationPlatforms) = postSolution
		{37671F39-F0B0-4756-9B9F-AA425621EDC1}.Debug|Any CPU.ActiveCfg = Debug|Any CPU
		{37671F39-F0B0-4756-9B9F-AA425621EDC1}.Debug|Any CPU.Build.0 = Debug|Any CPU
		{37671F39-F0B0-4756-9B9F-AA425621EDC1}.Release|Any CPU.ActiveCfg = Release|Any CPU
		{37671F39-F0B0-4756-9B9F-AA425621EDC1}.Release|Any CPU.Build.0 = Release|Any CPU
		{7B69027E-1B4A-4BB4-A904-3925CF0D3394}.Debug|Any CPU.ActiveCfg = Debug|Any CPU
		{7B69027E-1B4A-4BB4-A904-3925CF0D3394}.Debug|Any CPU.Build.0 = Debug|Any CPU
		{7B69027E-1B4A-4BB4-A904-3925CF0D3394}.Release|Any CPU.ActiveCfg = Release|Any CPU
		{7B69027E-1B4A-4BB4-A904-3925CF0D3394}.Release|Any CPU.Build.0 = Release|Any CPU
		{54C69553-0F4E-4EDC-8BB8-DD32A841545B}.Debug|Any CPU.ActiveCfg = Debug|Any CPU
		{54C69553-0F4E-4EDC-8BB8-DD32A841545B}.Debug|Any CPU.Build.0 = Debug|Any CPU
		{54C69553-0F4E-4EDC-8BB8-DD32A841545B}.Release|Any CPU.ActiveCfg = Release|Any CPU
		{54C69553-0F4E-4EDC-8BB8-DD32A841545B}.Release|Any CPU.Build.0 = Release|Any CPU
		{BCA56487-FC82-42F2-99BD-4067317CF321}.Debug|Any CPU.ActiveCfg = Debug|Any CPU
		{BCA56487-FC82-42F2-99BD-4067317CF321}.Debug|Any CPU.Build.0 = Debug|Any CPU
		{BCA56487-FC82-42F2-99BD-4067317CF321}.Release|Any CPU.ActiveCfg = Release|Any CPU
		{BCA56487-FC82-42F2-99BD-4067317CF321}.Release|Any CPU.Build.0 = Release|Any CPU
		{C6B0E404-5992-4EC7-A91F-AA3C5FDA5A15}.Debug|Any CPU.ActiveCfg = Debug|Any CPU
		{C6B0E404-5992-4EC7-A91F-AA3C5FDA5A15}.Debug|Any CPU.Build.0 = Debug|Any CPU
		{C6B0E404-5992-4EC7-A91F-AA3C5FDA5A15}.Release|Any CPU.ActiveCfg = Release|Any CPU
		{C6B0E404-5992-4EC7-A91F-AA3C5FDA5A15}.Release|Any CPU.Build.0 = Release|Any CPU
		{E1100917-A0D4-42DF-AD85-5E3C960E4332}.Debug|Any CPU.ActiveCfg = Debug|Any CPU
		{E1100917-A0D4-42DF-AD85-5E3C960E4332}.Debug|Any CPU.Build.0 = Debug|Any CPU
		{E1100917-A0D4-42DF-AD85-5E3C960E4332}.Release|Any CPU.ActiveCfg = Release|Any CPU
		{E1100917-A0D4-42DF-AD85-5E3C960E4332}.Release|Any CPU.Build.0 = Release|Any CPU
		{BA991248-B296-4392-990E-283FA6EED649}.Debug|Any CPU.ActiveCfg = Debug|Any CPU
		{BA991248-B296-4392-990E-283FA6EED649}.Debug|Any CPU.Build.0 = Debug|Any CPU
		{BA991248-B296-4392-990E-283FA6EED649}.Release|Any CPU.ActiveCfg = Release|Any CPU
		{BA991248-B296-4392-990E-283FA6EED649}.Release|Any CPU.Build.0 = Release|Any CPU
		{4BA54CAF-440F-4631-B86B-4864481EC17B}.Debug|Any CPU.ActiveCfg = Debug|Any CPU
		{4BA54CAF-440F-4631-B86B-4864481EC17B}.Debug|Any CPU.Build.0 = Debug|Any CPU
		{4BA54CAF-440F-4631-B86B-4864481EC17B}.Release|Any CPU.ActiveCfg = Release|Any CPU
		{4BA54CAF-440F-4631-B86B-4864481EC17B}.Release|Any CPU.Build.0 = Release|Any CPU
		{F8DCA60E-648B-4D99-8FFA-875DB4C82E6C}.Debug|Any CPU.ActiveCfg = Debug|Any CPU
		{F8DCA60E-648B-4D99-8FFA-875DB4C82E6C}.Debug|Any CPU.Build.0 = Debug|Any CPU
		{F8DCA60E-648B-4D99-8FFA-875DB4C82E6C}.Release|Any CPU.ActiveCfg = Release|Any CPU
		{F8DCA60E-648B-4D99-8FFA-875DB4C82E6C}.Release|Any CPU.Build.0 = Release|Any CPU
		{79C2F1A8-DF24-41B8-B6A4-2B601C699BF5}.Debug|Any CPU.ActiveCfg = Debug|Any CPU
		{79C2F1A8-DF24-41B8-B6A4-2B601C699BF5}.Debug|Any CPU.Build.0 = Debug|Any CPU
		{79C2F1A8-DF24-41B8-B6A4-2B601C699BF5}.Release|Any CPU.ActiveCfg = Release|Any CPU
		{79C2F1A8-DF24-41B8-B6A4-2B601C699BF5}.Release|Any CPU.Build.0 = Release|Any CPU
		{87496DA2-629E-445D-BB26-848228D129AD}.Debug|Any CPU.ActiveCfg = Debug|Any CPU
		{87496DA2-629E-445D-BB26-848228D129AD}.Debug|Any CPU.Build.0 = Debug|Any CPU
		{87496DA2-629E-445D-BB26-848228D129AD}.Release|Any CPU.ActiveCfg = Release|Any CPU
		{87496DA2-629E-445D-BB26-848228D129AD}.Release|Any CPU.Build.0 = Release|Any CPU
		{782BEF45-1D3E-4171-B7DA-03DDC9D56767}.Debug|Any CPU.ActiveCfg = Debug|Any CPU
		{782BEF45-1D3E-4171-B7DA-03DDC9D56767}.Debug|Any CPU.Build.0 = Debug|Any CPU
		{782BEF45-1D3E-4171-B7DA-03DDC9D56767}.Release|Any CPU.ActiveCfg = Release|Any CPU
		{782BEF45-1D3E-4171-B7DA-03DDC9D56767}.Release|Any CPU.Build.0 = Release|Any CPU
		{7FF1F52B-8529-4E6A-BD1E-33E663DFEFB7}.Debug|Any CPU.ActiveCfg = Debug|Any CPU
		{7FF1F52B-8529-4E6A-BD1E-33E663DFEFB7}.Debug|Any CPU.Build.0 = Debug|Any CPU
		{7FF1F52B-8529-4E6A-BD1E-33E663DFEFB7}.Release|Any CPU.ActiveCfg = Release|Any CPU
		{7FF1F52B-8529-4E6A-BD1E-33E663DFEFB7}.Release|Any CPU.Build.0 = Release|Any CPU
	EndGlobalSection
	GlobalSection(SolutionProperties) = preSolution
		HideSolutionNode = FALSE
	EndGlobalSection
	GlobalSection(NestedProjects) = preSolution
		{37671F39-F0B0-4756-9B9F-AA425621EDC1} = {00C5E180-55CB-475C-BD67-4A8685F2ADF4}
		{7B69027E-1B4A-4BB4-A904-3925CF0D3394} = {00C5E180-55CB-475C-BD67-4A8685F2ADF4}
		{54C69553-0F4E-4EDC-8BB8-DD32A841545B} = {00C5E180-55CB-475C-BD67-4A8685F2ADF4}
		{BCA56487-FC82-42F2-99BD-4067317CF321} = {848EC20D-5C63-44A7-B664-73D56093CCBF}
		{C6B0E404-5992-4EC7-A91F-AA3C5FDA5A15} = {848EC20D-5C63-44A7-B664-73D56093CCBF}
		{E1100917-A0D4-42DF-AD85-5E3C960E4332} = {848EC20D-5C63-44A7-B664-73D56093CCBF}
		{BA991248-B296-4392-990E-283FA6EED649} = {848EC20D-5C63-44A7-B664-73D56093CCBF}
		{4BA54CAF-440F-4631-B86B-4864481EC17B} = {2099FE66-7110-4DF2-84EF-8C9E85D15CC0}
		{F8DCA60E-648B-4D99-8FFA-875DB4C82E6C} = {A1BAC631-109A-42D5-B8B2-2E01F42C32AB}
		{79C2F1A8-DF24-41B8-B6A4-2B601C699BF5} = {00C5E180-55CB-475C-BD67-4A8685F2ADF4}
		{87496DA2-629E-445D-BB26-848228D129AD} = {A1BAC631-109A-42D5-B8B2-2E01F42C32AB}
		{782BEF45-1D3E-4171-B7DA-03DDC9D56767} = {A1BAC631-109A-42D5-B8B2-2E01F42C32AB}
		{7FF1F52B-8529-4E6A-BD1E-33E663DFEFB7} = {848EC20D-5C63-44A7-B664-73D56093CCBF}
	EndGlobalSection
	GlobalSection(ExtensibilityGlobals) = postSolution
		SolutionGuid = {39037647-367A-401E-BC94-0C2BF5F21904}
	EndGlobalSection
EndGlobal
